
Microsoft Visual Studio Solution File, Format Version 12.00
# Visual Studio Version 17
VisualStudioVersion = 17.8.34525.116
MinimumVisualStudioVersion = 10.0.40219.1
Project("{FAE04EC0-301F-11D3-BF4B-00C04F79EFBC}") = "Aula_12032024", "Aula_12032024\Aula_12032024.csproj", "{72EEB676-CA8E-4B49-9E5A-8A0375DCEB10}"
EndProject
Global
	GlobalSection(SolutionConfigurationPlatforms) = preSolution
		Debug|Any CPU = Debug|Any CPU
		Release|Any CPU = Release|Any CPU
	EndGlobalSection
	GlobalSection(ProjectConfigurationPlatforms) = postSolution
		{72EEB676-CA8E-4B49-9E5A-8A0375DCEB10}.Debug|Any CPU.ActiveCfg = Debug|Any CPU
		{72EEB676-CA8E-4B49-9E5A-8A0375DCEB10}.Debug|Any CPU.Build.0 = Debug|Any CPU
		{72EEB676-CA8E-4B49-9E5A-8A0375DCEB10}.Release|Any CPU.ActiveCfg = Release|Any CPU
		{72EEB676-CA8E-4B49-9E5A-8A0375DCEB10}.Release|Any CPU.Build.0 = Release|Any CPU
	EndGlobalSection
	GlobalSection(SolutionProperties) = preSolution
		HideSolutionNode = FALSE
	EndGlobalSection
	GlobalSection(ExtensibilityGlobals) = postSolution
		SolutionGuid = {1B4E6AD3-315A-4DA5-B665-6EB7EE57BEE4}
	EndGlobalSection
EndGlobal
